// !$*UTF8*$!
{
	archiveVersion = 1;
	classes = {
	};
	objectVersion = 46;
	objects = {

/* Begin PBXBuildFile section */
		F557AA201D9CB029002C0228 /* AppDelegate.swift in Sources */ = {isa = PBXBuildFile; fileRef = F557AA1F1D9CB029002C0228 /* AppDelegate.swift */; };
		F557AA221D9CB029002C0228 /* ViewController.swift in Sources */ = {isa = PBXBuildFile; fileRef = F557AA211D9CB029002C0228 /* ViewController.swift */; };
		F557AA251D9CB029002C0228 /* Main.storyboard in Resources */ = {isa = PBXBuildFile; fileRef = F557AA231D9CB029002C0228 /* Main.storyboard */; };
		F557AA271D9CB029002C0228 /* Assets.xcassets in Resources */ = {isa = PBXBuildFile; fileRef = F557AA261D9CB029002C0228 /* Assets.xcassets */; };
		F557AA2A1D9CB029002C0228 /* LaunchScreen.storyboard in Resources */ = {isa = PBXBuildFile; fileRef = F557AA281D9CB029002C0228 /* LaunchScreen.storyboard */; };
		F557AA351D9CB029002C0228 /* Project1_StormViewerTests.swift in Sources */ = {isa = PBXBuildFile; fileRef = F557AA341D9CB029002C0228 /* Project1_StormViewerTests.swift */; };
		F557AA401D9CB029002C0228 /* Project1_StormViewerUITests.swift in Sources */ = {isa = PBXBuildFile; fileRef = F557AA3F1D9CB029002C0228 /* Project1_StormViewerUITests.swift */; };
		F557AA581D9CB256002C0228 /* nssl0033.jpg in Resources */ = {isa = PBXBuildFile; fileRef = F557AA4E1D9CB256002C0228 /* nssl0033.jpg */; };
		F557AA591D9CB256002C0228 /* nssl0034.jpg in Resources */ = {isa = PBXBuildFile; fileRef = F557AA4F1D9CB256002C0228 /* nssl0034.jpg */; };
		F557AA5A1D9CB256002C0228 /* nssl0041.jpg in Resources */ = {isa = PBXBuildFile; fileRef = F557AA501D9CB256002C0228 /* nssl0041.jpg */; };
		F557AA5B1D9CB256002C0228 /* nssl0042.jpg in Resources */ = {isa = PBXBuildFile; fileRef = F557AA511D9CB256002C0228 /* nssl0042.jpg */; };
		F557AA5C1D9CB256002C0228 /* nssl0043.jpg in Resources */ = {isa = PBXBuildFile; fileRef = F557AA521D9CB256002C0228 /* nssl0043.jpg */; };
		F557AA5D1D9CB256002C0228 /* nssl0045.jpg in Resources */ = {isa = PBXBuildFile; fileRef = F557AA531D9CB256002C0228 /* nssl0045.jpg */; };
		F557AA5E1D9CB256002C0228 /* nssl0046.jpg in Resources */ = {isa = PBXBuildFile; fileRef = F557AA541D9CB256002C0228 /* nssl0046.jpg */; };
		F557AA5F1D9CB256002C0228 /* nssl0049.jpg in Resources */ = {isa = PBXBuildFile; fileRef = F557AA551D9CB256002C0228 /* nssl0049.jpg */; };
		F557AA601D9CB256002C0228 /* nssl0051.jpg in Resources */ = {isa = PBXBuildFile; fileRef = F557AA561D9CB256002C0228 /* nssl0051.jpg */; };
		F557AA611D9CB256002C0228 /* nssl0091.jpg in Resources */ = {isa = PBXBuildFile; fileRef = F557AA571D9CB256002C0228 /* nssl0091.jpg */; };
		F557AA671D9CE495002C0228 /* DetailViewController.swift in Sources */ = {isa = PBXBuildFile; fileRef = F557AA661D9CE495002C0228 /* DetailViewController.swift */; };
/* End PBXBuildFile section */

/* Begin PBXContainerItemProxy section */
		F557AA311D9CB029002C0228 /* PBXContainerItemProxy */ = {
			isa = PBXContainerItemProxy;
			containerPortal = F557AA141D9CB029002C0228 /* Project object */;
			proxyType = 1;
			remoteGlobalIDString = F557AA1B1D9CB029002C0228;
			remoteInfo = Project1_StormViewer;
		};
		F557AA3C1D9CB029002C0228 /* PBXContainerItemProxy */ = {
			isa = PBXContainerItemProxy;
			containerPortal = F557AA141D9CB029002C0228 /* Project object */;
			proxyType = 1;
			remoteGlobalIDString = F557AA1B1D9CB029002C0228;
			remoteInfo = Project1_StormViewer;
		};
/* End PBXContainerItemProxy section */

/* Begin PBXFileReference section */
		F557AA1C1D9CB029002C0228 /* Project1_StormViewer.app */ = {isa = PBXFileReference; explicitFileType = wrapper.application; includeInIndex = 0; path = Project1_StormViewer.app; sourceTree = BUILT_PRODUCTS_DIR; };
		F557AA1F1D9CB029002C0228 /* AppDelegate.swift */ = {isa = PBXFileReference; lastKnownFileType = sourcecode.swift; path = AppDelegate.swift; sourceTree = "<group>"; };
		F557AA211D9CB029002C0228 /* ViewController.swift */ = {isa = PBXFileReference; lastKnownFileType = sourcecode.swift; path = ViewController.swift; sourceTree = "<group>"; };
		F557AA241D9CB029002C0228 /* Base */ = {isa = PBXFileReference; lastKnownFileType = file.storyboard; name = Base; path = Base.lproj/Main.storyboard; sourceTree = "<group>"; };
		F557AA261D9CB029002C0228 /* Assets.xcassets */ = {isa = PBXFileReference; lastKnownFileType = folder.assetcatalog; path = Assets.xcassets; sourceTree = "<group>"; };
		F557AA291D9CB029002C0228 /* Base */ = {isa = PBXFileReference; lastKnownFileType = file.storyboard; name = Base; path = Base.lproj/LaunchScreen.storyboard; sourceTree = "<group>"; };
		F557AA2B1D9CB029002C0228 /* Info.plist */ = {isa = PBXFileReference; lastKnownFileType = text.plist.xml; path = Info.plist; sourceTree = "<group>"; };
		F557AA301D9CB029002C0228 /* Project1_StormViewerTests.xctest */ = {isa = PBXFileReference; explicitFileType = wrapper.cfbundle; includeInIndex = 0; path = Project1_StormViewerTests.xctest; sourceTree = BUILT_PRODUCTS_DIR; };
		F557AA341D9CB029002C0228 /* Project1_StormViewerTests.swift */ = {isa = PBXFileReference; lastKnownFileType = sourcecode.swift; path = Project1_StormViewerTests.swift; sourceTree = "<group>"; };
		F557AA361D9CB029002C0228 /* Info.plist */ = {isa = PBXFileReference; lastKnownFileType = text.plist.xml; path = Info.plist; sourceTree = "<group>"; };
		F557AA3B1D9CB029002C0228 /* Project1_StormViewerUITests.xctest */ = {isa = PBXFileReference; explicitFileType = wrapper.cfbundle; includeInIndex = 0; path = Project1_StormViewerUITests.xctest; sourceTree = BUILT_PRODUCTS_DIR; };
		F557AA3F1D9CB029002C0228 /* Project1_StormViewerUITests.swift */ = {isa = PBXFileReference; lastKnownFileType = sourcecode.swift; path = Project1_StormViewerUITests.swift; sourceTree = "<group>"; };
		F557AA411D9CB029002C0228 /* Info.plist */ = {isa = PBXFileReference; lastKnownFileType = text.plist.xml; path = Info.plist; sourceTree = "<group>"; };
		F557AA4E1D9CB256002C0228 /* nssl0033.jpg */ = {isa = PBXFileReference; lastKnownFileType = image.jpeg; path = nssl0033.jpg; sourceTree = "<group>"; };
		F557AA4F1D9CB256002C0228 /* nssl0034.jpg */ = {isa = PBXFileReference; lastKnownFileType = image.jpeg; path = nssl0034.jpg; sourceTree = "<group>"; };
		F557AA501D9CB256002C0228 /* nssl0041.jpg */ = {isa = PBXFileReference; lastKnownFileType = image.jpeg; path = nssl0041.jpg; sourceTree = "<group>"; };
		F557AA511D9CB256002C0228 /* nssl0042.jpg */ = {isa = PBXFileReference; lastKnownFileType = image.jpeg; path = nssl0042.jpg; sourceTree = "<group>"; };
		F557AA521D9CB256002C0228 /* nssl0043.jpg */ = {isa = PBXFileReference; lastKnownFileType = image.jpeg; path = nssl0043.jpg; sourceTree = "<group>"; };
		F557AA531D9CB256002C0228 /* nssl0045.jpg */ = {isa = PBXFileReference; lastKnownFileType = image.jpeg; path = nssl0045.jpg; sourceTree = "<group>"; };
		F557AA541D9CB256002C0228 /* nssl0046.jpg */ = {isa = PBXFileReference; lastKnownFileType = image.jpeg; path = nssl0046.jpg; sourceTree = "<group>"; };
		F557AA551D9CB256002C0228 /* nssl0049.jpg */ = {isa = PBXFileReference; lastKnownFileType = image.jpeg; path = nssl0049.jpg; sourceTree = "<group>"; };
		F557AA561D9CB256002C0228 /* nssl0051.jpg */ = {isa = PBXFileReference; lastKnownFileType = image.jpeg; path = nssl0051.jpg; sourceTree = "<group>"; };
		F557AA571D9CB256002C0228 /* nssl0091.jpg */ = {isa = PBXFileReference; lastKnownFileType = image.jpeg; path = nssl0091.jpg; sourceTree = "<group>"; };
		F557AA661D9CE495002C0228 /* DetailViewController.swift */ = {isa = PBXFileReference; fileEncoding = 4; lastKnownFileType = sourcecode.swift; path = DetailViewController.swift; sourceTree = "<group>"; };
/* End PBXFileReference section */

/* Begin PBXFrameworksBuildPhase section */
		F557AA191D9CB029002C0228 /* Frameworks */ = {
			isa = PBXFrameworksBuildPhase;
			buildActionMask = 2147483647;
			files = (
			);
			runOnlyForDeploymentPostprocessing = 0;
		};
		F557AA2D1D9CB029002C0228 /* Frameworks */ = {
			isa = PBXFrameworksBuildPhase;
			buildActionMask = 2147483647;
			files = (
			);
			runOnlyForDeploymentPostprocessing = 0;
		};
		F557AA381D9CB029002C0228 /* Frameworks */ = {
			isa = PBXFrameworksBuildPhase;
			buildActionMask = 2147483647;
			files = (
			);
			runOnlyForDeploymentPostprocessing = 0;
		};
/* End PBXFrameworksBuildPhase section */

/* Begin PBXGroup section */
		F557AA131D9CB029002C0228 = {
			isa = PBXGroup;
			children = (
				F557AA1E1D9CB029002C0228 /* Project1_StormViewer */,
				F557AA331D9CB029002C0228 /* Project1_StormViewerTests */,
				F557AA3E1D9CB029002C0228 /* Project1_StormViewerUITests */,
				F557AA1D1D9CB029002C0228 /* Products */,
			);
			sourceTree = "<group>";
		};
		F557AA1D1D9CB029002C0228 /* Products */ = {
			isa = PBXGroup;
			children = (
				F557AA1C1D9CB029002C0228 /* Project1_StormViewer.app */,
				F557AA301D9CB029002C0228 /* Project1_StormViewerTests.xctest */,
				F557AA3B1D9CB029002C0228 /* Project1_StormViewerUITests.xctest */,
			);
			name = Products;
			sourceTree = "<group>";
		};
		F557AA1E1D9CB029002C0228 /* Project1_StormViewer */ = {
			isa = PBXGroup;
			children = (
				F557AA4D1D9CB256002C0228 /* Content */,
				F557AA1F1D9CB029002C0228 /* AppDelegate.swift */,
				F557AA211D9CB029002C0228 /* ViewController.swift */,
				F557AA661D9CE495002C0228 /* DetailViewController.swift */,
				F557AA231D9CB029002C0228 /* Main.storyboard */,
				F557AA261D9CB029002C0228 /* Assets.xcassets */,
				F557AA281D9CB029002C0228 /* LaunchScreen.storyboard */,
				F557AA2B1D9CB029002C0228 /* Info.plist */,
			);
			path = Project1_StormViewer;
			sourceTree = "<group>";
		};
		F557AA331D9CB029002C0228 /* Project1_StormViewerTests */ = {
			isa = PBXGroup;
			children = (
				F557AA341D9CB029002C0228 /* Project1_StormViewerTests.swift */,
				F557AA361D9CB029002C0228 /* Info.plist */,
			);
			path = Project1_StormViewerTests;
			sourceTree = "<group>";
		};
		F557AA3E1D9CB029002C0228 /* Project1_StormViewerUITests */ = {
			isa = PBXGroup;
			children = (
				F557AA3F1D9CB029002C0228 /* Project1_StormViewerUITests.swift */,
				F557AA411D9CB029002C0228 /* Info.plist */,
			);
			path = Project1_StormViewerUITests;
			sourceTree = "<group>";
		};
		F557AA4D1D9CB256002C0228 /* Content */ = {
			isa = PBXGroup;
			children = (
				F557AA4E1D9CB256002C0228 /* nssl0033.jpg */,
				F557AA4F1D9CB256002C0228 /* nssl0034.jpg */,
				F557AA501D9CB256002C0228 /* nssl0041.jpg */,
				F557AA511D9CB256002C0228 /* nssl0042.jpg */,
				F557AA521D9CB256002C0228 /* nssl0043.jpg */,
				F557AA531D9CB256002C0228 /* nssl0045.jpg */,
				F557AA541D9CB256002C0228 /* nssl0046.jpg */,
				F557AA551D9CB256002C0228 /* nssl0049.jpg */,
				F557AA561D9CB256002C0228 /* nssl0051.jpg */,
				F557AA571D9CB256002C0228 /* nssl0091.jpg */,
			);
			path = Content;
			sourceTree = "<group>";
		};
/* End PBXGroup section */

/* Begin PBXNativeTarget section */
		F557AA1B1D9CB029002C0228 /* Project1_StormViewer */ = {
			isa = PBXNativeTarget;
			buildConfigurationList = F557AA441D9CB029002C0228 /* Build configuration list for PBXNativeTarget "Project1_StormViewer" */;
			buildPhases = (
				F557AA181D9CB029002C0228 /* Sources */,
				F557AA191D9CB029002C0228 /* Frameworks */,
				F557AA1A1D9CB029002C0228 /* Resources */,
			);
			buildRules = (
			);
			dependencies = (
			);
			name = Project1_StormViewer;
			productName = Project1_StormViewer;
			productReference = F557AA1C1D9CB029002C0228 /* Project1_StormViewer.app */;
			productType = "com.apple.product-type.application";
		};
		F557AA2F1D9CB029002C0228 /* Project1_StormViewerTests */ = {
			isa = PBXNativeTarget;
			buildConfigurationList = F557AA471D9CB029002C0228 /* Build configuration list for PBXNativeTarget "Project1_StormViewerTests" */;
			buildPhases = (
				F557AA2C1D9CB029002C0228 /* Sources */,
				F557AA2D1D9CB029002C0228 /* Frameworks */,
				F557AA2E1D9CB029002C0228 /* Resources */,
			);
			buildRules = (
			);
			dependencies = (
				F557AA321D9CB029002C0228 /* PBXTargetDependency */,
			);
			name = Project1_StormViewerTests;
			productName = Project1_StormViewerTests;
			productReference = F557AA301D9CB029002C0228 /* Project1_StormViewerTests.xctest */;
			productType = "com.apple.product-type.bundle.unit-test";
		};
		F557AA3A1D9CB029002C0228 /* Project1_StormViewerUITests */ = {
			isa = PBXNativeTarget;
			buildConfigurationList = F557AA4A1D9CB029002C0228 /* Build configuration list for PBXNativeTarget "Project1_StormViewerUITests" */;
			buildPhases = (
				F557AA371D9CB029002C0228 /* Sources */,
				F557AA381D9CB029002C0228 /* Frameworks */,
				F557AA391D9CB029002C0228 /* Resources */,
			);
			buildRules = (
			);
			dependencies = (
				F557AA3D1D9CB029002C0228 /* PBXTargetDependency */,
			);
			name = Project1_StormViewerUITests;
			productName = Project1_StormViewerUITests;
			productReference = F557AA3B1D9CB029002C0228 /* Project1_StormViewerUITests.xctest */;
			productType = "com.apple.product-type.bundle.ui-testing";
		};
/* End PBXNativeTarget section */

/* Begin PBXProject section */
		F557AA141D9CB029002C0228 /* Project object */ = {
			isa = PBXProject;
			attributes = {
				LastSwiftUpdateCheck = 0730;
				LastUpgradeCheck = 0730;
				ORGANIZATIONNAME = "Low Wai Hong";
				TargetAttributes = {
					F557AA1B1D9CB029002C0228 = {
						CreatedOnToolsVersion = 7.3;
					};
					F557AA2F1D9CB029002C0228 = {
						CreatedOnToolsVersion = 7.3;
						TestTargetID = F557AA1B1D9CB029002C0228;
					};
					F557AA3A1D9CB029002C0228 = {
						CreatedOnToolsVersion = 7.3;
						TestTargetID = F557AA1B1D9CB029002C0228;
					};
				};
			};
			buildConfigurationList = F557AA171D9CB029002C0228 /* Build configuration list for PBXProject "Project1_StormViewer" */;
			compatibilityVersion = "Xcode 3.2";
			developmentRegion = English;
			hasScannedForEncodings = 0;
			knownRegions = (
				en,
				Base,
			);
			mainGroup = F557AA131D9CB029002C0228;
			productRefGroup = F557AA1D1D9CB029002C0228 /* Products */;
			projectDirPath = "";
			projectRoot = "";
			targets = (
				F557AA1B1D9CB029002C0228 /* Project1_StormViewer */,
				F557AA2F1D9CB029002C0228 /* Project1_StormViewerTests */,
				F557AA3A1D9CB029002C0228 /* Project1_StormViewerUITests */,
			);
		};
/* End PBXProject section */

/* Begin PBXResourcesBuildPhase section */
		F557AA1A1D9CB029002C0228 /* Resources */ = {
			isa = PBXResourcesBuildPhase;
			buildActionMask = 2147483647;
			files = (
				F557AA591D9CB256002C0228 /* nssl0034.jpg in Resources */,
				F557AA601D9CB256002C0228 /* nssl0051.jpg in Resources */,
				F557AA2A1D9CB029002C0228 /* LaunchScreen.storyboard in Resources */,
				F557AA5C1D9CB256002C0228 /* nssl0043.jpg in Resources */,
				F557AA581D9CB256002C0228 /* nssl0033.jpg in Resources */,
				F557AA5D1D9CB256002C0228 /* nssl0045.jpg in Resources */,
				F557AA5E1D9CB256002C0228 /* nssl0046.jpg in Resources */,
				F557AA5F1D9CB256002C0228 /* nssl0049.jpg in Resources */,
				F557AA5B1D9CB256002C0228 /* nssl0042.jpg in Resources */,
				F557AA271D9CB029002C0228 /* Assets.xcassets in Resources */,
				F557AA611D9CB256002C0228 /* nssl0091.jpg in Resources */,
				F557AA5A1D9CB256002C0228 /* nssl0041.jpg in Resources */,
				F557AA251D9CB029002C0228 /* Main.storyboard in Resources */,
			);
			runOnlyForDeploymentPostprocessing = 0;
		};
		F557AA2E1D9CB029002C0228 /* Resources */ = {
			isa = PBXResourcesBuildPhase;
			buildActionMask = 2147483647;
			files = (
			);
			runOnlyForDeploymentPostprocessing = 0;
		};
		F557AA391D9CB029002C0228 /* Resources */ = {
			isa = PBXResourcesBuildPhase;
			buildActionMask = 2147483647;
			files = (
			);
			runOnlyForDeploymentPostprocessing = 0;
		};
/* End PBXResourcesBuildPhase section */

/* Begin PBXSourcesBuildPhase section */
		F557AA181D9CB029002C0228 /* Sources */ = {
			isa = PBXSourcesBuildPhase;
			buildActionMask = 2147483647;
			files = (
				F557AA671D9CE495002C0228 /* DetailViewController.swift in Sources */,
				F557AA221D9CB029002C0228 /* ViewController.swift in Sources */,
				F557AA201D9CB029002C0228 /* AppDelegate.swift in Sources */,
			);
			runOnlyForDeploymentPostprocessing = 0;
		};
		F557AA2C1D9CB029002C0228 /* Sources */ = {
			isa = PBXSourcesBuildPhase;
			buildActionMask = 2147483647;
			files = (
				F557AA351D9CB029002C0228 /* Project1_StormViewerTests.swift in Sources */,
			);
			runOnlyForDeploymentPostprocessing = 0;
		};
		F557AA371D9CB029002C0228 /* Sources */ = {
			isa = PBXSourcesBuildPhase;
			buildActionMask = 2147483647;
			files = (
				F557AA401D9CB029002C0228 /* Project1_StormViewerUITests.swift in Sources */,
			);
			runOnlyForDeploymentPostprocessing = 0;
		};
/* End PBXSourcesBuildPhase section */

/* Begin PBXTargetDependency section */
		F557AA321D9CB029002C0228 /* PBXTargetDependency */ = {
			isa = PBXTargetDependency;
			target = F557AA1B1D9CB029002C0228 /* Project1_StormViewer */;
			targetProxy = F557AA311D9CB029002C0228 /* PBXContainerItemProxy */;
		};
		F557AA3D1D9CB029002C0228 /* PBXTargetDependency */ = {
			isa = PBXTargetDependency;
			target = F557AA1B1D9CB029002C0228 /* Project1_StormViewer */;
			targetProxy = F557AA3C1D9CB029002C0228 /* PBXContainerItemProxy */;
		};
/* End PBXTargetDependency section */

/* Begin PBXVariantGroup section */
		F557AA231D9CB029002C0228 /* Main.storyboard */ = {
			isa = PBXVariantGroup;
			children = (
				F557AA241D9CB029002C0228 /* Base */,
			);
			name = Main.storyboard;
			sourceTree = "<group>";
		};
		F557AA281D9CB029002C0228 /* LaunchScreen.storyboard */ = {
			isa = PBXVariantGroup;
			children = (
				F557AA291D9CB029002C0228 /* Base */,
			);
			name = LaunchScreen.storyboard;
			sourceTree = "<group>";
		};
/* End PBXVariantGroup section */

/* Begin XCBuildConfiguration section */
		F557AA421D9CB029002C0228 /* Debug */ = {
			isa = XCBuildConfiguration;
			buildSettings = {
				ALWAYS_SEARCH_USER_PATHS = NO;
				CLANG_ANALYZER_NONNULL = YES;
				CLANG_CXX_LANGUAGE_STANDARD = "gnu++0x";
				CLANG_CXX_LIBRARY = "libc++";
				CLANG_ENABLE_MODULES = YES;
				CLANG_ENABLE_OBJC_ARC = YES;
				CLANG_WARN_BOOL_CONVERSION = YES;
				CLANG_WARN_CONSTANT_CONVERSION = YES;
				CLANG_WARN_DIRECT_OBJC_ISA_USAGE = YES_ERROR;
				CLANG_WARN_EMPTY_BODY = YES;
				CLANG_WARN_ENUM_CONVERSION = YES;
				CLANG_WARN_INT_CONVERSION = YES;
				CLANG_WARN_OBJC_ROOT_CLASS = YES_ERROR;
				CLANG_WARN_UNREACHABLE_CODE = YES;
				CLANG_WARN__DUPLICATE_METHOD_MATCH = YES;
				"CODE_SIGN_IDENTITY[sdk=iphoneos*]" = "iPhone Developer";
				COPY_PHASE_STRIP = NO;
				DEBUG_INFORMATION_FORMAT = dwarf;
				ENABLE_STRICT_OBJC_MSGSEND = YES;
				ENABLE_TESTABILITY = YES;
				GCC_C_LANGUAGE_STANDARD = gnu99;
				GCC_DYNAMIC_NO_PIC = NO;
				GCC_NO_COMMON_BLOCKS = YES;
				GCC_OPTIMIZATION_LEVEL = 0;
				GCC_PREPROCESSOR_DEFINITIONS = (
					"DEBUG=1",
					"$(inherited)",
				);
				GCC_WARN_64_TO_32_BIT_CONVERSION = YES;
				GCC_WARN_ABOUT_RETURN_TYPE = YES_ERROR;
				GCC_WARN_UNDECLARED_SELECTOR = YES;
				GCC_WARN_UNINITIALIZED_AUTOS = YES_AGGRESSIVE;
				GCC_WARN_UNUSED_FUNCTION = YES;
				GCC_WARN_UNUSED_VARIABLE = YES;
				IPHONEOS_DEPLOYMENT_TARGET = 9.3;
				MTL_ENABLE_DEBUG_INFO = YES;
				ONLY_ACTIVE_ARCH = YES;
				SDKROOT = iphoneos;
				SWIFT_OPTIMIZATION_LEVEL = "-Onone";
			};
			name = Debug;
		};
		F557AA431D9CB029002C0228 /* Release */ = {
			isa = XCBuildConfiguration;
			buildSettings = {
				ALWAYS_SEARCH_USER_PATHS = NO;
				CLANG_ANALYZER_NONNULL = YES;
				CLANG_CXX_LANGUAGE_STANDARD = "gnu++0x";
				CLANG_CXX_LIBRARY = "libc++";
				CLANG_ENABLE_MODULES = YES;
				CLANG_ENABLE_OBJC_ARC = YES;
				CLANG_WARN_BOOL_CONVERSION = YES;
				CLANG_WARN_CONSTANT_CONVERSION = YES;
				CLANG_WARN_DIRECT_OBJC_ISA_USAGE = YES_ERROR;
				CLANG_WARN_EMPTY_BODY = YES;
				CLANG_WARN_ENUM_CONVERSION = YES;
				CLANG_WARN_INT_CONVERSION = YES;
				CLANG_WARN_OBJC_ROOT_CLASS = YES_ERROR;
				CLANG_WARN_UNREACHABLE_CODE = YES;
				CLANG_WARN__DUPLICATE_METHOD_MATCH = YES;
				"CODE_SIGN_IDENTITY[sdk=iphoneos*]" = "iPhone Developer";
				COPY_PHASE_STRIP = NO;
				DEBUG_INFORMATION_FORMAT = "dwarf-with-dsym";
				ENABLE_NS_ASSERTIONS = NO;
				ENABLE_STRICT_OBJC_MSGSEND = YES;
				GCC_C_LANGUAGE_STANDARD = gnu99;
				GCC_NO_COMMON_BLOCKS = YES;
				GCC_WARN_64_TO_32_BIT_CONVERSION = YES;
				GCC_WARN_ABOUT_RETURN_TYPE = YES_ERROR;
				GCC_WARN_UNDECLARED_SELECTOR = YES;
				GCC_WARN_UNINITIALIZED_AUTOS = YES_AGGRESSIVE;
				GCC_WARN_UNUSED_FUNCTION = YES;
				GCC_WARN_UNUSED_VARIABLE = YES;
				IPHONEOS_DEPLOYMENT_TARGET = 9.3;
				MTL_ENABLE_DEBUG_INFO = NO;
				SDKROOT = iphoneos;
				VALIDATE_PRODUCT = YES;
			};
			name = Release;
		};
		F557AA451D9CB029002C0228 /* Debug */ = {
			isa = XCBuildConfiguration;
			buildSettings = {
				ASSETCATALOG_COMPILER_APPICON_NAME = AppIcon;
				INFOPLIST_FILE = Project1_StormViewer/Info.plist;
				LD_RUNPATH_SEARCH_PATHS = "$(inherited) @executable_path/Frameworks";
				PRODUCT_BUNDLE_IDENTIFIER = "IE.Project1-StormViewer";
				PRODUCT_NAME = "$(TARGET_NAME)";
			};
			name = Debug;
		};
		F557AA461D9CB029002C0228 /* Release */ = {
			isa = XCBuildConfiguration;
			buildSettings = {
				ASSETCATALOG_COMPILER_APPICON_NAME = AppIcon;
				INFOPLIST_FILE = Project1_StormViewer/Info.plist;
				LD_RUNPATH_SEARCH_PATHS = "$(inherited) @executable_path/Frameworks";
				PRODUCT_BUNDLE_IDENTIFIER = "IE.Project1-StormViewer";
				PRODUCT_NAME = "$(TARGET_NAME)";
			};
			name = Release;
		};
		F557AA481D9CB029002C0228 /* Debug */ = {
			isa = XCBuildConfiguration;
			buildSettings = {
				BUNDLE_LOADER = "$(TEST_HOST)";
				INFOPLIST_FILE = Project1_StormViewerTests/Info.plist;
				LD_RUNPATH_SEARCH_PATHS = "$(inherited) @executable_path/Frameworks @loader_path/Frameworks";
				PRODUCT_BUNDLE_IDENTIFIER = "IE.Project1-StormViewerTests";
				PRODUCT_NAME = "$(TARGET_NAME)";
				TEST_HOST = "$(BUILT_PRODUCTS_DIR)/Project1_StormViewer.app/Project1_StormViewer";
			};
			name = Debug;
		};
		F557AA491D9CB029002C0228 /* Release */ = {
			isa = XCBuildConfiguration;
			buildSettings = {
				BUNDLE_LOADER = "$(TEST_HOST)";
				INFOPLIST_FILE = Project1_StormViewerTests/Info.plist;
				LD_RUNPATH_SEARCH_PATHS = "$(inherited) @executable_path/Frameworks @loader_path/Frameworks";
				PRODUCT_BUNDLE_IDENTIFIER = "IE.Project1-StormViewerTests";
				PRODUCT_NAME = "$(TARGET_NAME)";
				TEST_HOST = "$(BUILT_PRODUCTS_DIR)/Project1_StormViewer.app/Project1_StormViewer";
			};
			name = Release;
		};
		F557AA4B1D9CB029002C0228 /* Debug */ = {
			isa = XCBuildConfiguration;
			buildSettings = {
				INFOPLIST_FILE = Project1_StormViewerUITests/Info.plist;
				LD_RUNPATH_SEARCH_PATHS = "$(inherited) @executable_path/Frameworks @loader_path/Frameworks";
				PRODUCT_BUNDLE_IDENTIFIER = "IE.Project1-StormViewerUITests";
				PRODUCT_NAME = "$(TARGET_NAME)";
				TEST_TARGET_NAME = Project1_StormViewer;
			};
			name = Debug;
		};
		F557AA4C1D9CB029002C0228 /* Release */ = {
			isa = XCBuildConfiguration;
			buildSettings = {
				INFOPLIST_FILE = Project1_StormViewerUITests/Info.plist;
				LD_RUNPATH_SEARCH_PATHS = "$(inherited) @executable_path/Frameworks @loader_path/Frameworks";
				PRODUCT_BUNDLE_IDENTIFIER = "IE.Project1-StormViewerUITests";
				PRODUCT_NAME = "$(TARGET_NAME)";
				TEST_TARGET_NAME = Project1_StormViewer;
			};
			name = Release;
		};
/* End XCBuildConfiguration section */

/* Begin XCConfigurationList section */
		F557AA171D9CB029002C0228 /* Build configuration list for PBXProject "Project1_StormViewer" */ = {
			isa = XCConfigurationList;
			buildConfigurations = (
				F557AA421D9CB029002C0228 /* Debug */,
				F557AA431D9CB029002C0228 /* Release */,
			);
			defaultConfigurationIsVisible = 0;
			defaultConfigurationName = Release;
		};
		F557AA441D9CB029002C0228 /* Build configuration list for PBXNativeTarget "Project1_StormViewer" */ = {
			isa = XCConfigurationList;
			buildConfigurations = (
				F557AA451D9CB029002C0228 /* Debug */,
				F557AA461D9CB029002C0228 /* Release */,
			);
			defaultConfigurationIsVisible = 0;
		};
		F557AA471D9CB029002C0228 /* Build configuration list for PBXNativeTarget "Project1_StormViewerTests" */ = {
			isa = XCConfigurationList;
			buildConfigurations = (
				F557AA481D9CB029002C0228 /* Debug */,
				F557AA491D9CB029002C0228 /* Release */,
			);
			defaultConfigurationIsVisible = 0;
		};
		F557AA4A1D9CB029002C0228 /* Build configuration list for PBXNativeTarget "Project1_StormViewerUITests" */ = {
			isa = XCConfigurationList;
			buildConfigurations = (
				F557AA4B1D9CB029002C0228 /* Debug */,
				F557AA4C1D9CB029002C0228 /* Release */,
			);
			defaultConfigurationIsVisible = 0;
		};
/* End XCConfigurationList section */
	};
	rootObject = F557AA141D9CB029002C0228 /* Project object */;
}
